
Microsoft Visual Studio Solution File, Format Version 12.00
# Visual Studio Version 17
VisualStudioVersion = 17.5.002.0
MinimumVisualStudioVersion = 10.0.40219.1
Project("{9A19103F-16F7-4668-BE54-9A1E7A4F7556}") = "preislerCars", "preislerCars.csproj", "{A0F93105-5A93-4F27-AB74-A47BC0E46587}"
EndProject
Global
	GlobalSection(SolutionConfigurationPlatforms) = preSolution
		Debug|Any CPU = Debug|Any CPU
		Release|Any CPU = Release|Any CPU
	EndGlobalSection
	GlobalSection(ProjectConfigurationPlatforms) = postSolution
		{A0F93105-5A93-4F27-AB74-A47BC0E46587}.Debug|Any CPU.ActiveCfg = Debug|Any CPU
		{A0F93105-5A93-4F27-AB74-A47BC0E46587}.Debug|Any CPU.Build.0 = Debug|Any CPU
		{A0F93105-5A93-4F27-AB74-A47BC0E46587}.Release|Any CPU.ActiveCfg = Release|Any CPU
		{A0F93105-5A93-4F27-AB74-A47BC0E46587}.Release|Any CPU.Build.0 = Release|Any CPU
	EndGlobalSection
	GlobalSection(SolutionProperties) = preSolution
		HideSolutionNode = FALSE
	EndGlobalSection
	GlobalSection(ExtensibilityGlobals) = postSolution
		SolutionGuid = {C74E8A7F-99FB-429E-A8D5-0DA2F56184D4}
	EndGlobalSection
EndGlobal
